
Microsoft Visual Studio Solution File, Format Version 12.00
# Visual Studio Version 17
VisualStudioVersion = 17.7.34202.233
MinimumVisualStudioVersion = 10.0.40219.1
Project("{FAE04EC0-301F-11D3-BF4B-00C04F79EFBC}") = "enoca_challenge", "enoca_challenge\enoca_challenge.csproj", "{AABFF3D0-1A3F-4B17-88AF-1CA13B7C02F5}"
EndProject
Global
	GlobalSection(SolutionConfigurationPlatforms) = preSolution
		Debug|Any CPU = Debug|Any CPU
		Release|Any CPU = Release|Any CPU
	EndGlobalSection
	GlobalSection(ProjectConfigurationPlatforms) = postSolution
		{AABFF3D0-1A3F-4B17-88AF-1CA13B7C02F5}.Debug|Any CPU.ActiveCfg = Debug|Any CPU
		{AABFF3D0-1A3F-4B17-88AF-1CA13B7C02F5}.Debug|Any CPU.Build.0 = Debug|Any CPU
		{AABFF3D0-1A3F-4B17-88AF-1CA13B7C02F5}.Release|Any CPU.ActiveCfg = Release|Any CPU
		{AABFF3D0-1A3F-4B17-88AF-1CA13B7C02F5}.Release|Any CPU.Build.0 = Release|Any CPU
	EndGlobalSection
	GlobalSection(SolutionProperties) = preSolution
		HideSolutionNode = FALSE
	EndGlobalSection
	GlobalSection(ExtensibilityGlobals) = postSolution
		SolutionGuid = {A95EAAB8-8E6E-4604-A0D7-E155318F118F}
	EndGlobalSection
EndGlobal
